// !$*UTF8*$!
{
	archiveVersion = 1;
	classes = {
	};
	objectVersion = 50;
	objects = {

/* Begin PBXBuildFile section */
		830E245C21CC060800711D05 /* Model.framework in Frameworks */ = {isa = PBXBuildFile; fileRef = 830E245B21CC060800711D05 /* Model.framework */; };
		830E245D21CC060800711D05 /* Model.framework in Embed Frameworks */ = {isa = PBXBuildFile; fileRef = 830E245B21CC060800711D05 /* Model.framework */; settings = {ATTRIBUTES = (CodeSignOnCopy, RemoveHeadersOnCopy, ); }; };
		830E246021CC060F00711D05 /* Layout.framework in Frameworks */ = {isa = PBXBuildFile; fileRef = 830E245F21CC060F00711D05 /* Layout.framework */; };
		830E246121CC060F00711D05 /* Layout.framework in Embed Frameworks */ = {isa = PBXBuildFile; fileRef = 830E245F21CC060F00711D05 /* Layout.framework */; settings = {ATTRIBUTES = (CodeSignOnCopy, RemoveHeadersOnCopy, ); }; };
		831B433921CAE1BF00B51572 /* AppDelegate.swift in Sources */ = {isa = PBXBuildFile; fileRef = 831B433821CAE1BF00B51572 /* AppDelegate.swift */; };
		831B434021CAE1C000B51572 /* Assets.xcassets in Resources */ = {isa = PBXBuildFile; fileRef = 831B433F21CAE1C000B51572 /* Assets.xcassets */; };
		831B434321CAE1C000B51572 /* LaunchScreen.storyboard in Resources */ = {isa = PBXBuildFile; fileRef = 831B434121CAE1C000B51572 /* LaunchScreen.storyboard */; };
		834B1D9A21CAE581002DE0FA /* StoriesView.xml in Resources */ = {isa = PBXBuildFile; fileRef = 834B1D9621CAE581002DE0FA /* StoriesView.xml */; };
		834B1D9B21CAE581002DE0FA /* StoriesViewController.swift in Sources */ = {isa = PBXBuildFile; fileRef = 834B1D9721CAE581002DE0FA /* StoriesViewController.swift */; };
		834B1D9D21CAE581002DE0FA /* TableViewTemplate.xml in Resources */ = {isa = PBXBuildFile; fileRef = 834B1D9921CAE581002DE0FA /* TableViewTemplate.xml */; };
		834B1D9F21CAF7C8002DE0FA /* StateManager.swift in Sources */ = {isa = PBXBuildFile; fileRef = 834B1D9E21CAF7C8002DE0FA /* StateManager.swift */; };
		8350EC5821CF0F85004994F2 /* StoryView.xml in Resources */ = {isa = PBXBuildFile; fileRef = 8350EC5721CF0F85004994F2 /* StoryView.xml */; };
		8350EC5A21CF1001004994F2 /* StoryViewController.swift in Sources */ = {isa = PBXBuildFile; fileRef = 8350EC5921CF1001004994F2 /* StoryViewController.swift */; };
		8350EC5C21CF153B004994F2 /* EditToolbar.swift in Sources */ = {isa = PBXBuildFile; fileRef = 8350EC5B21CF153B004994F2 /* EditToolbar.swift */; };
		836B754021CC5FB2005417AE /* Interface.framework in Frameworks */ = {isa = PBXBuildFile; fileRef = 836B753F21CC5FB2005417AE /* Interface.framework */; };
		836B754121CC5FB2005417AE /* Interface.framework in Embed Frameworks */ = {isa = PBXBuildFile; fileRef = 836B753F21CC5FB2005417AE /* Interface.framework */; settings = {ATTRIBUTES = (CodeSignOnCopy, RemoveHeadersOnCopy, ); }; };
		83792D6C21CC1CDC001E01E4 /* StoriesViewToolbar.swift in Sources */ = {isa = PBXBuildFile; fileRef = 83792D6B21CC1CDC001E01E4 /* StoriesViewToolbar.swift */; };
		83B6D65E21D5438900D36207 /* PlayViewController-Edit.swift in Sources */ = {isa = PBXBuildFile; fileRef = 83B6D65D21D5438900D36207 /* PlayViewController-Edit.swift */; };
		83B6D66021D546B800D36207 /* ChapterViewController-Edit.swift in Sources */ = {isa = PBXBuildFile; fileRef = 83B6D65F21D546B800D36207 /* ChapterViewController-Edit.swift */; };
		83B6D66221D547BA00D36207 /* StoryViewController-Edit.swift in Sources */ = {isa = PBXBuildFile; fileRef = 83B6D66121D547BA00D36207 /* StoryViewController-Edit.swift */; };
		83D7AE6321D29EC200C545FE /* DeleteAlert.swift in Sources */ = {isa = PBXBuildFile; fileRef = 83D7AE6221D29EC200C545FE /* DeleteAlert.swift */; };
		83D908E221D15F4B001B8F35 /* ChapterViewController.swift in Sources */ = {isa = PBXBuildFile; fileRef = 83D908E121D15F4B001B8F35 /* ChapterViewController.swift */; };
		83D908E421D1600B001B8F35 /* ChapterView.xml in Resources */ = {isa = PBXBuildFile; fileRef = 83D908E321D1600B001B8F35 /* ChapterView.xml */; };
		83D908E621D17188001B8F35 /* PlayViewController.swift in Sources */ = {isa = PBXBuildFile; fileRef = 83D908E521D17188001B8F35 /* PlayViewController.swift */; };
		83D908E821D18663001B8F35 /* PlayView.xml in Resources */ = {isa = PBXBuildFile; fileRef = 83D908E721D18663001B8F35 /* PlayView.xml */; };
/* End PBXBuildFile section */

/* Begin PBXCopyFilesBuildPhase section */
		830E245E21CC060800711D05 /* Embed Frameworks */ = {
			isa = PBXCopyFilesBuildPhase;
			buildActionMask = 2147483647;
			dstPath = "";
			dstSubfolderSpec = 10;
			files = (
				830E246121CC060F00711D05 /* Layout.framework in Embed Frameworks */,
				830E245D21CC060800711D05 /* Model.framework in Embed Frameworks */,
				836B754121CC5FB2005417AE /* Interface.framework in Embed Frameworks */,
			);
			name = "Embed Frameworks";
			runOnlyForDeploymentPostprocessing = 0;
		};
/* End PBXCopyFilesBuildPhase section */

/* Begin PBXFileReference section */
		830E245B21CC060800711D05 /* Model.framework */ = {isa = PBXFileReference; explicitFileType = wrapper.framework; path = Model.framework; sourceTree = BUILT_PRODUCTS_DIR; };
		830E245F21CC060F00711D05 /* Layout.framework */ = {isa = PBXFileReference; explicitFileType = wrapper.framework; path = Layout.framework; sourceTree = BUILT_PRODUCTS_DIR; };
		831B433521CAE1BF00B51572 /* ex04-Editor.app */ = {isa = PBXFileReference; explicitFileType = wrapper.application; includeInIndex = 0; path = "ex04-Editor.app"; sourceTree = BUILT_PRODUCTS_DIR; };
		831B433821CAE1BF00B51572 /* AppDelegate.swift */ = {isa = PBXFileReference; lastKnownFileType = sourcecode.swift; path = AppDelegate.swift; sourceTree = "<group>"; };
		831B433F21CAE1C000B51572 /* Assets.xcassets */ = {isa = PBXFileReference; lastKnownFileType = folder.assetcatalog; path = Assets.xcassets; sourceTree = "<group>"; };
		831B434221CAE1C000B51572 /* Base */ = {isa = PBXFileReference; lastKnownFileType = file.storyboard; name = Base; path = Base.lproj/LaunchScreen.storyboard; sourceTree = "<group>"; };
		831B434421CAE1C000B51572 /* Info.plist */ = {isa = PBXFileReference; lastKnownFileType = text.plist.xml; path = Info.plist; sourceTree = "<group>"; };
		834B1D9621CAE581002DE0FA /* StoriesView.xml */ = {isa = PBXFileReference; fileEncoding = 4; lastKnownFileType = text.xml; path = StoriesView.xml; sourceTree = "<group>"; };
		834B1D9721CAE581002DE0FA /* StoriesViewController.swift */ = {isa = PBXFileReference; fileEncoding = 4; lastKnownFileType = sourcecode.swift; path = StoriesViewController.swift; sourceTree = "<group>"; };
		834B1D9921CAE581002DE0FA /* TableViewTemplate.xml */ = {isa = PBXFileReference; fileEncoding = 4; lastKnownFileType = text.xml; path = TableViewTemplate.xml; sourceTree = "<group>"; };
		834B1D9E21CAF7C8002DE0FA /* StateManager.swift */ = {isa = PBXFileReference; lastKnownFileType = sourcecode.swift; path = StateManager.swift; sourceTree = "<group>"; };
		8350EC5721CF0F85004994F2 /* StoryView.xml */ = {isa = PBXFileReference; lastKnownFileType = text.xml; path = StoryView.xml; sourceTree = "<group>"; };
		8350EC5921CF1001004994F2 /* StoryViewController.swift */ = {isa = PBXFileReference; lastKnownFileType = sourcecode.swift; path = StoryViewController.swift; sourceTree = "<group>"; };
		8350EC5B21CF153B004994F2 /* EditToolbar.swift */ = {isa = PBXFileReference; lastKnownFileType = sourcecode.swift; path = EditToolbar.swift; sourceTree = "<group>"; };
		836B753F21CC5FB2005417AE /* Interface.framework */ = {isa = PBXFileReference; explicitFileType = wrapper.framework; path = Interface.framework; sourceTree = BUILT_PRODUCTS_DIR; };
		83792D6B21CC1CDC001E01E4 /* StoriesViewToolbar.swift */ = {isa = PBXFileReference; lastKnownFileType = sourcecode.swift; path = StoriesViewToolbar.swift; sourceTree = "<group>"; };
		83B6D65D21D5438900D36207 /* PlayViewController-Edit.swift */ = {isa = PBXFileReference; lastKnownFileType = sourcecode.swift; path = "PlayViewController-Edit.swift"; sourceTree = "<group>"; };
		83B6D65F21D546B800D36207 /* ChapterViewController-Edit.swift */ = {isa = PBXFileReference; lastKnownFileType = sourcecode.swift; path = "ChapterViewController-Edit.swift"; sourceTree = "<group>"; };
		83B6D66121D547BA00D36207 /* StoryViewController-Edit.swift */ = {isa = PBXFileReference; lastKnownFileType = sourcecode.swift; path = "StoryViewController-Edit.swift"; sourceTree = "<group>"; };
		83D7AE6221D29EC200C545FE /* DeleteAlert.swift */ = {isa = PBXFileReference; lastKnownFileType = sourcecode.swift; path = DeleteAlert.swift; sourceTree = "<group>"; };
		83D908E121D15F4B001B8F35 /* ChapterViewController.swift */ = {isa = PBXFileReference; lastKnownFileType = sourcecode.swift; path = ChapterViewController.swift; sourceTree = "<group>"; };
		83D908E321D1600B001B8F35 /* ChapterView.xml */ = {isa = PBXFileReference; lastKnownFileType = text.xml; path = ChapterView.xml; sourceTree = "<group>"; };
		83D908E521D17188001B8F35 /* PlayViewController.swift */ = {isa = PBXFileReference; lastKnownFileType = sourcecode.swift; path = PlayViewController.swift; sourceTree = "<group>"; };
		83D908E721D18663001B8F35 /* PlayView.xml */ = {isa = PBXFileReference; lastKnownFileType = text.xml; path = PlayView.xml; sourceTree = "<group>"; };
/* End PBXFileReference section */

/* Begin PBXFrameworksBuildPhase section */
		831B433221CAE1BF00B51572 /* Frameworks */ = {
			isa = PBXFrameworksBuildPhase;
			buildActionMask = 2147483647;
			files = (
				830E246021CC060F00711D05 /* Layout.framework in Frameworks */,
				830E245C21CC060800711D05 /* Model.framework in Frameworks */,
				836B754021CC5FB2005417AE /* Interface.framework in Frameworks */,
			);
			runOnlyForDeploymentPostprocessing = 0;
		};
/* End PBXFrameworksBuildPhase section */

/* Begin PBXGroup section */
		831B432C21CAE1BF00B51572 = {
			isa = PBXGroup;
			children = (
				831B433721CAE1BF00B51572 /* ex04-Editor */,
				831B433621CAE1BF00B51572 /* Products */,
				836B753F21CC5FB2005417AE /* Interface.framework */,
				830E245F21CC060F00711D05 /* Layout.framework */,
				830E245B21CC060800711D05 /* Model.framework */,
			);
			sourceTree = "<group>";
		};
		831B433621CAE1BF00B51572 /* Products */ = {
			isa = PBXGroup;
			children = (
				831B433521CAE1BF00B51572 /* ex04-Editor.app */,
			);
			name = Products;
			sourceTree = "<group>";
		};
		831B433721CAE1BF00B51572 /* ex04-Editor */ = {
			isa = PBXGroup;
			children = (
				83D7AE6121D29E1E00C545FE /* Edit */,
				83D908E921D19A4A001B8F35 /* View */,
				8350EC5D21CFCEFD004994F2 /* Toolbar */,
				831B433821CAE1BF00B51572 /* AppDelegate.swift */,
				834B1D9E21CAF7C8002DE0FA /* StateManager.swift */,
				831B433F21CAE1C000B51572 /* Assets.xcassets */,
				831B434121CAE1C000B51572 /* LaunchScreen.storyboard */,
				831B434421CAE1C000B51572 /* Info.plist */,
			);
			path = "ex04-Editor";
			sourceTree = "<group>";
		};
		8350EC5D21CFCEFD004994F2 /* Toolbar */ = {
			isa = PBXGroup;
			children = (
				83792D6B21CC1CDC001E01E4 /* StoriesViewToolbar.swift */,
				8350EC5B21CF153B004994F2 /* EditToolbar.swift */,
			);
			path = Toolbar;
			sourceTree = "<group>";
		};
		83D7AE6121D29E1E00C545FE /* Edit */ = {
			isa = PBXGroup;
			children = (
				83D7AE6221D29EC200C545FE /* DeleteAlert.swift */,
				83B6D66121D547BA00D36207 /* StoryViewController-Edit.swift */,
				83B6D65F21D546B800D36207 /* ChapterViewController-Edit.swift */,
				83B6D65D21D5438900D36207 /* PlayViewController-Edit.swift */,
			);
			path = Edit;
			sourceTree = "<group>";
		};
		83D908E921D19A4A001B8F35 /* View */ = {
			isa = PBXGroup;
			children = (
				834B1D9721CAE581002DE0FA /* StoriesViewController.swift */,
				834B1D9621CAE581002DE0FA /* StoriesView.xml */,
				8350EC5921CF1001004994F2 /* StoryViewController.swift */,
				8350EC5721CF0F85004994F2 /* StoryView.xml */,
				83D908E121D15F4B001B8F35 /* ChapterViewController.swift */,
				83D908E321D1600B001B8F35 /* ChapterView.xml */,
				83D908E521D17188001B8F35 /* PlayViewController.swift */,
				83D908E721D18663001B8F35 /* PlayView.xml */,
				834B1D9921CAE581002DE0FA /* TableViewTemplate.xml */,
			);
			path = View;
			sourceTree = "<group>";
		};
/* End PBXGroup section */

/* Begin PBXNativeTarget section */
		831B433421CAE1BF00B51572 /* ex04-Editor */ = {
			isa = PBXNativeTarget;
			buildConfigurationList = 831B434721CAE1C000B51572 /* Build configuration list for PBXNativeTarget "ex04-Editor" */;
			buildPhases = (
				831B433121CAE1BF00B51572 /* Sources */,
				831B433221CAE1BF00B51572 /* Frameworks */,
				831B433321CAE1BF00B51572 /* Resources */,
				830E245E21CC060800711D05 /* Embed Frameworks */,
			);
			buildRules = (
			);
			dependencies = (
			);
			name = "ex04-Editor";
			productName = "ex04-Editor";
			productReference = 831B433521CAE1BF00B51572 /* ex04-Editor.app */;
			productType = "com.apple.product-type.application";
		};
/* End PBXNativeTarget section */

/* Begin PBXProject section */
		831B432D21CAE1BF00B51572 /* Project object */ = {
			isa = PBXProject;
			attributes = {
				LastSwiftUpdateCheck = 1010;
				LastUpgradeCheck = 1010;
				ORGANIZATIONNAME = "Chris Hawkins (developer)";
				TargetAttributes = {
					831B433421CAE1BF00B51572 = {
						CreatedOnToolsVersion = 10.1;
					};
				};
			};
			buildConfigurationList = 831B433021CAE1BF00B51572 /* Build configuration list for PBXProject "ex04-Editor" */;
			compatibilityVersion = "Xcode 9.3";
			developmentRegion = en;
			hasScannedForEncodings = 0;
			knownRegions = (
				en,
				Base,
			);
			mainGroup = 831B432C21CAE1BF00B51572;
			productRefGroup = 831B433621CAE1BF00B51572 /* Products */;
			projectDirPath = "";
			projectRoot = "";
			targets = (
				831B433421CAE1BF00B51572 /* ex04-Editor */,
			);
		};
/* End PBXProject section */

/* Begin PBXResourcesBuildPhase section */
		831B433321CAE1BF00B51572 /* Resources */ = {
			isa = PBXResourcesBuildPhase;
			buildActionMask = 2147483647;
			files = (
				83D908E821D18663001B8F35 /* PlayView.xml in Resources */,
				83D908E421D1600B001B8F35 /* ChapterView.xml in Resources */,
				831B434321CAE1C000B51572 /* LaunchScreen.storyboard in Resources */,
				8350EC5821CF0F85004994F2 /* StoryView.xml in Resources */,
				831B434021CAE1C000B51572 /* Assets.xcassets in Resources */,
				834B1D9A21CAE581002DE0FA /* StoriesView.xml in Resources */,
				834B1D9D21CAE581002DE0FA /* TableViewTemplate.xml in Resources */,
			);
			runOnlyForDeploymentPostprocessing = 0;
		};
/* End PBXResourcesBuildPhase section */

/* Begin PBXSourcesBuildPhase section */
		831B433121CAE1BF00B51572 /* Sources */ = {
			isa = PBXSourcesBuildPhase;
			buildActionMask = 2147483647;
			files = (
				83B6D66221D547BA00D36207 /* StoryViewController-Edit.swift in Sources */,
				8350EC5A21CF1001004994F2 /* StoryViewController.swift in Sources */,
				83D908E621D17188001B8F35 /* PlayViewController.swift in Sources */,
				834B1D9B21CAE581002DE0FA /* StoriesViewController.swift in Sources */,
				83D7AE6321D29EC200C545FE /* DeleteAlert.swift in Sources */,
				834B1D9F21CAF7C8002DE0FA /* StateManager.swift in Sources */,
				831B433921CAE1BF00B51572 /* AppDelegate.swift in Sources */,
				83B6D65E21D5438900D36207 /* PlayViewController-Edit.swift in Sources */,
				83D908E221D15F4B001B8F35 /* ChapterViewController.swift in Sources */,
				83792D6C21CC1CDC001E01E4 /* StoriesViewToolbar.swift in Sources */,
				8350EC5C21CF153B004994F2 /* EditToolbar.swift in Sources */,
				83B6D66021D546B800D36207 /* ChapterViewController-Edit.swift in Sources */,
			);
			runOnlyForDeploymentPostprocessing = 0;
		};
/* End PBXSourcesBuildPhase section */

/* Begin PBXVariantGroup section */
		831B434121CAE1C000B51572 /* LaunchScreen.storyboard */ = {
			isa = PBXVariantGroup;
			children = (
				831B434221CAE1C000B51572 /* Base */,
			);
			name = LaunchScreen.storyboard;
			sourceTree = "<group>";
		};
/* End PBXVariantGroup section */

/* Begin XCBuildConfiguration section */
		831B434521CAE1C000B51572 /* Debug */ = {
			isa = XCBuildConfiguration;
			buildSettings = {
				ALWAYS_SEARCH_USER_PATHS = NO;
				CLANG_ANALYZER_NONNULL = YES;
				CLANG_ANALYZER_NUMBER_OBJECT_CONVERSION = YES_AGGRESSIVE;
				CLANG_CXX_LANGUAGE_STANDARD = "gnu++14";
				CLANG_CXX_LIBRARY = "libc++";
				CLANG_ENABLE_MODULES = YES;
				CLANG_ENABLE_OBJC_ARC = YES;
				CLANG_ENABLE_OBJC_WEAK = YES;
				CLANG_WARN_BLOCK_CAPTURE_AUTORELEASING = YES;
				CLANG_WARN_BOOL_CONVERSION = YES;
				CLANG_WARN_COMMA = YES;
				CLANG_WARN_CONSTANT_CONVERSION = YES;
				CLANG_WARN_DEPRECATED_OBJC_IMPLEMENTATIONS = YES;
				CLANG_WARN_DIRECT_OBJC_ISA_USAGE = YES_ERROR;
				CLANG_WARN_DOCUMENTATION_COMMENTS = YES;
				CLANG_WARN_EMPTY_BODY = YES;
				CLANG_WARN_ENUM_CONVERSION = YES;
				CLANG_WARN_INFINITE_RECURSION = YES;
				CLANG_WARN_INT_CONVERSION = YES;
				CLANG_WARN_NON_LITERAL_NULL_CONVERSION = YES;
				CLANG_WARN_OBJC_IMPLICIT_RETAIN_SELF = YES;
				CLANG_WARN_OBJC_LITERAL_CONVERSION = YES;
				CLANG_WARN_OBJC_ROOT_CLASS = YES_ERROR;
				CLANG_WARN_RANGE_LOOP_ANALYSIS = YES;
				CLANG_WARN_STRICT_PROTOTYPES = YES;
				CLANG_WARN_SUSPICIOUS_MOVE = YES;
				CLANG_WARN_UNGUARDED_AVAILABILITY = YES_AGGRESSIVE;
				CLANG_WARN_UNREACHABLE_CODE = YES;
				CLANG_WARN__DUPLICATE_METHOD_MATCH = YES;
				CODE_SIGN_IDENTITY = "iPhone Developer";
				COPY_PHASE_STRIP = NO;
				DEBUG_INFORMATION_FORMAT = dwarf;
				ENABLE_STRICT_OBJC_MSGSEND = YES;
				ENABLE_TESTABILITY = YES;
				GCC_C_LANGUAGE_STANDARD = gnu11;
				GCC_DYNAMIC_NO_PIC = NO;
				GCC_NO_COMMON_BLOCKS = YES;
				GCC_OPTIMIZATION_LEVEL = 0;
				GCC_PREPROCESSOR_DEFINITIONS = (
					"DEBUG=1",
					"$(inherited)",
				);
				GCC_WARN_64_TO_32_BIT_CONVERSION = YES;
				GCC_WARN_ABOUT_RETURN_TYPE = YES_ERROR;
				GCC_WARN_UNDECLARED_SELECTOR = YES;
				GCC_WARN_UNINITIALIZED_AUTOS = YES_AGGRESSIVE;
				GCC_WARN_UNUSED_FUNCTION = YES;
				GCC_WARN_UNUSED_VARIABLE = YES;
				IPHONEOS_DEPLOYMENT_TARGET = 12.1;
				MTL_ENABLE_DEBUG_INFO = INCLUDE_SOURCE;
				MTL_FAST_MATH = YES;
				ONLY_ACTIVE_ARCH = YES;
				SDKROOT = iphoneos;
				SWIFT_ACTIVE_COMPILATION_CONDITIONS = DEBUG;
				SWIFT_OPTIMIZATION_LEVEL = "-Onone";
			};
			name = Debug;
		};
		831B434621CAE1C000B51572 /* Release */ = {
			isa = XCBuildConfiguration;
			buildSettings = {
				ALWAYS_SEARCH_USER_PATHS = NO;
				CLANG_ANALYZER_NONNULL = YES;
				CLANG_ANALYZER_NUMBER_OBJECT_CONVERSION = YES_AGGRESSIVE;
				CLANG_CXX_LANGUAGE_STANDARD = "gnu++14";
				CLANG_CXX_LIBRARY = "libc++";
				CLANG_ENABLE_MODULES = YES;
				CLANG_ENABLE_OBJC_ARC = YES;
				CLANG_ENABLE_OBJC_WEAK = YES;
				CLANG_WARN_BLOCK_CAPTURE_AUTORELEASING = YES;
				CLANG_WARN_BOOL_CONVERSION = YES;
				CLANG_WARN_COMMA = YES;
				CLANG_WARN_CONSTANT_CONVERSION = YES;
				CLANG_WARN_DEPRECATED_OBJC_IMPLEMENTATIONS = YES;
				CLANG_WARN_DIRECT_OBJC_ISA_USAGE = YES_ERROR;
				CLANG_WARN_DOCUMENTATION_COMMENTS = YES;
				CLANG_WARN_EMPTY_BODY = YES;
				CLANG_WARN_ENUM_CONVERSION = YES;
				CLANG_WARN_INFINITE_RECURSION = YES;
				CLANG_WARN_INT_CONVERSION = YES;
				CLANG_WARN_NON_LITERAL_NULL_CONVERSION = YES;
				CLANG_WARN_OBJC_IMPLICIT_RETAIN_SELF = YES;
				CLANG_WARN_OBJC_LITERAL_CONVERSION = YES;
				CLANG_WARN_OBJC_ROOT_CLASS = YES_ERROR;
				CLANG_WARN_RANGE_LOOP_ANALYSIS = YES;
				CLANG_WARN_STRICT_PROTOTYPES = YES;
				CLANG_WARN_SUSPICIOUS_MOVE = YES;
				CLANG_WARN_UNGUARDED_AVAILABILITY = YES_AGGRESSIVE;
				CLANG_WARN_UNREACHABLE_CODE = YES;
				CLANG_WARN__DUPLICATE_METHOD_MATCH = YES;
				CODE_SIGN_IDENTITY = "iPhone Developer";
				COPY_PHASE_STRIP = NO;
				DEBUG_INFORMATION_FORMAT = "dwarf-with-dsym";
				ENABLE_NS_ASSERTIONS = NO;
				ENABLE_STRICT_OBJC_MSGSEND = YES;
				GCC_C_LANGUAGE_STANDARD = gnu11;
				GCC_NO_COMMON_BLOCKS = YES;
				GCC_WARN_64_TO_32_BIT_CONVERSION = YES;
				GCC_WARN_ABOUT_RETURN_TYPE = YES_ERROR;
				GCC_WARN_UNDECLARED_SELECTOR = YES;
				GCC_WARN_UNINITIALIZED_AUTOS = YES_AGGRESSIVE;
				GCC_WARN_UNUSED_FUNCTION = YES;
				GCC_WARN_UNUSED_VARIABLE = YES;
				IPHONEOS_DEPLOYMENT_TARGET = 12.1;
				MTL_ENABLE_DEBUG_INFO = NO;
				MTL_FAST_MATH = YES;
				SDKROOT = iphoneos;
				SWIFT_COMPILATION_MODE = wholemodule;
				SWIFT_OPTIMIZATION_LEVEL = "-O";
				VALIDATE_PRODUCT = YES;
			};
			name = Release;
		};
		831B434821CAE1C000B51572 /* Debug */ = {
			isa = XCBuildConfiguration;
			buildSettings = {
				ASSETCATALOG_COMPILER_APPICON_NAME = AppIcon;
				CODE_SIGN_STYLE = Automatic;
				DEVELOPMENT_TEAM = 4P58NH3389;
				INFOPLIST_FILE = "ex04-Editor/Info.plist";
				LD_RUNPATH_SEARCH_PATHS = (
					"$(inherited)",
					"@executable_path/Frameworks",
				);
				PRODUCT_BUNDLE_IDENTIFIER = "com.chh51.layoutExample.ex04-Editor";
				PRODUCT_NAME = "$(TARGET_NAME)";
				SWIFT_VERSION = 4.2;
				TARGETED_DEVICE_FAMILY = "1,2";
			};
			name = Debug;
		};
		831B434921CAE1C000B51572 /* Release */ = {
			isa = XCBuildConfiguration;
			buildSettings = {
				ASSETCATALOG_COMPILER_APPICON_NAME = AppIcon;
				CODE_SIGN_STYLE = Automatic;
				DEVELOPMENT_TEAM = 4P58NH3389;
				INFOPLIST_FILE = "ex04-Editor/Info.plist";
				LD_RUNPATH_SEARCH_PATHS = (
					"$(inherited)",
					"@executable_path/Frameworks",
				);
				PRODUCT_BUNDLE_IDENTIFIER = "com.chh51.layoutExample.ex04-Editor";
				PRODUCT_NAME = "$(TARGET_NAME)";
				SWIFT_VERSION = 4.2;
				TARGETED_DEVICE_FAMILY = "1,2";
			};
			name = Release;
		};
/* End XCBuildConfiguration section */

/* Begin XCConfigurationList section */
		831B433021CAE1BF00B51572 /* Build configuration list for PBXProject "ex04-Editor" */ = {
			isa = XCConfigurationList;
			buildConfigurations = (
				831B434521CAE1C000B51572 /* Debug */,
				831B434621CAE1C000B51572 /* Release */,
			);
			defaultConfigurationIsVisible = 0;
			defaultConfigurationName = Release;
		};
		831B434721CAE1C000B51572 /* Build configuration list for PBXNativeTarget "ex04-Editor" */ = {
			isa = XCConfigurationList;
			buildConfigurations = (
				831B434821CAE1C000B51572 /* Debug */,
				831B434921CAE1C000B51572 /* Release */,
			);
			defaultConfigurationIsVisible = 0;
			defaultConfigurationName = Release;
		};
/* End XCConfigurationList section */
	};
	rootObject = 831B432D21CAE1BF00B51572 /* Project object */;
}
