// !$*UTF8*$!
{
	archiveVersion = 1;
	classes = {
	};
	objectVersion = 50;
	objects = {

/* Begin PBXBuildFile section */
		8320CCEB21C03FBD009735BC /* Model.framework in Frameworks */ = {isa = PBXBuildFile; fileRef = 8320CCEA21C03FBD009735BC /* Model.framework */; };
		8320CCEC21C03FBD009735BC /* Model.framework in Embed Frameworks */ = {isa = PBXBuildFile; fileRef = 8320CCEA21C03FBD009735BC /* Model.framework */; settings = {ATTRIBUTES = (CodeSignOnCopy, RemoveHeadersOnCopy, ); }; };
		8320CCEE21C04071009735BC /* Layout.framework in Frameworks */ = {isa = PBXBuildFile; fileRef = 8320CCED21C04071009735BC /* Layout.framework */; };
		8320CCEF21C04071009735BC /* Layout.framework in Embed Frameworks */ = {isa = PBXBuildFile; fileRef = 8320CCED21C04071009735BC /* Layout.framework */; settings = {ATTRIBUTES = (CodeSignOnCopy, RemoveHeadersOnCopy, ); }; };
		837CCB8C21BB0EE700BDCD6E /* AppDelegate.swift in Sources */ = {isa = PBXBuildFile; fileRef = 837CCB8B21BB0EE700BDCD6E /* AppDelegate.swift */; };
		837CCB8E21BB0EE700BDCD6E /* TableViewController.swift in Sources */ = {isa = PBXBuildFile; fileRef = 837CCB8D21BB0EE700BDCD6E /* TableViewController.swift */; };
		837CCB9321BB0EE800BDCD6E /* Assets.xcassets in Resources */ = {isa = PBXBuildFile; fileRef = 837CCB9221BB0EE800BDCD6E /* Assets.xcassets */; };
		837CCB9621BB0EE800BDCD6E /* LaunchScreen.storyboard in Resources */ = {isa = PBXBuildFile; fileRef = 837CCB9421BB0EE800BDCD6E /* LaunchScreen.storyboard */; };
		837CCB9E21BB123C00BDCD6E /* TableView.xml in Resources */ = {isa = PBXBuildFile; fileRef = 837CCB9D21BB123C00BDCD6E /* TableView.xml */; };
/* End PBXBuildFile section */

/* Begin PBXCopyFilesBuildPhase section */
		837CCBA421BB135500BDCD6E /* Embed Frameworks */ = {
			isa = PBXCopyFilesBuildPhase;
			buildActionMask = 2147483647;
			dstPath = "";
			dstSubfolderSpec = 10;
			files = (
				8320CCEF21C04071009735BC /* Layout.framework in Embed Frameworks */,
				8320CCEC21C03FBD009735BC /* Model.framework in Embed Frameworks */,
			);
			name = "Embed Frameworks";
			runOnlyForDeploymentPostprocessing = 0;
		};
/* End PBXCopyFilesBuildPhase section */

/* Begin PBXFileReference section */
		8320CCEA21C03FBD009735BC /* Model.framework */ = {isa = PBXFileReference; explicitFileType = wrapper.framework; path = Model.framework; sourceTree = BUILT_PRODUCTS_DIR; };
		8320CCED21C04071009735BC /* Layout.framework */ = {isa = PBXFileReference; explicitFileType = wrapper.framework; path = Layout.framework; sourceTree = BUILT_PRODUCTS_DIR; };
		837CCB8821BB0EE700BDCD6E /* ex01-Viewer.app */ = {isa = PBXFileReference; explicitFileType = wrapper.application; includeInIndex = 0; path = "ex01-Viewer.app"; sourceTree = BUILT_PRODUCTS_DIR; };
		837CCB8B21BB0EE700BDCD6E /* AppDelegate.swift */ = {isa = PBXFileReference; lastKnownFileType = sourcecode.swift; path = AppDelegate.swift; sourceTree = "<group>"; };
		837CCB8D21BB0EE700BDCD6E /* TableViewController.swift */ = {isa = PBXFileReference; lastKnownFileType = sourcecode.swift; path = TableViewController.swift; sourceTree = "<group>"; };
		837CCB9221BB0EE800BDCD6E /* Assets.xcassets */ = {isa = PBXFileReference; lastKnownFileType = folder.assetcatalog; path = Assets.xcassets; sourceTree = "<group>"; };
		837CCB9521BB0EE800BDCD6E /* Base */ = {isa = PBXFileReference; lastKnownFileType = file.storyboard; name = Base; path = Base.lproj/LaunchScreen.storyboard; sourceTree = "<group>"; };
		837CCB9721BB0EE800BDCD6E /* Info.plist */ = {isa = PBXFileReference; lastKnownFileType = text.plist.xml; path = Info.plist; sourceTree = "<group>"; };
		837CCB9D21BB123C00BDCD6E /* TableView.xml */ = {isa = PBXFileReference; lastKnownFileType = text.xml; path = TableView.xml; sourceTree = "<group>"; };
/* End PBXFileReference section */

/* Begin PBXFrameworksBuildPhase section */
		837CCB8521BB0EE700BDCD6E /* Frameworks */ = {
			isa = PBXFrameworksBuildPhase;
			buildActionMask = 2147483647;
			files = (
				8320CCEE21C04071009735BC /* Layout.framework in Frameworks */,
				8320CCEB21C03FBD009735BC /* Model.framework in Frameworks */,
			);
			runOnlyForDeploymentPostprocessing = 0;
		};
/* End PBXFrameworksBuildPhase section */

/* Begin PBXGroup section */
		837CCB7F21BB0EE700BDCD6E = {
			isa = PBXGroup;
			children = (
				8320CCED21C04071009735BC /* Layout.framework */,
				8320CCEA21C03FBD009735BC /* Model.framework */,
				837CCB8A21BB0EE700BDCD6E /* ex01-Viewer */,
				837CCB8921BB0EE700BDCD6E /* Products */,
				837CCB9F21BB134E00BDCD6E /* Frameworks */,
			);
			sourceTree = "<group>";
		};
		837CCB8921BB0EE700BDCD6E /* Products */ = {
			isa = PBXGroup;
			children = (
				837CCB8821BB0EE700BDCD6E /* ex01-Viewer.app */,
			);
			name = Products;
			sourceTree = "<group>";
		};
		837CCB8A21BB0EE700BDCD6E /* ex01-Viewer */ = {
			isa = PBXGroup;
			children = (
				837CCB8B21BB0EE700BDCD6E /* AppDelegate.swift */,
				837CCB8D21BB0EE700BDCD6E /* TableViewController.swift */,
				837CCB9D21BB123C00BDCD6E /* TableView.xml */,
				837CCB9221BB0EE800BDCD6E /* Assets.xcassets */,
				837CCB9421BB0EE800BDCD6E /* LaunchScreen.storyboard */,
				837CCB9721BB0EE800BDCD6E /* Info.plist */,
			);
			path = "ex01-Viewer";
			sourceTree = "<group>";
		};
		837CCB9F21BB134E00BDCD6E /* Frameworks */ = {
			isa = PBXGroup;
			children = (
			);
			name = Frameworks;
			sourceTree = "<group>";
		};
/* End PBXGroup section */

/* Begin PBXNativeTarget section */
		837CCB8721BB0EE700BDCD6E /* ex01-Viewer */ = {
			isa = PBXNativeTarget;
			buildConfigurationList = 837CCB9A21BB0EE800BDCD6E /* Build configuration list for PBXNativeTarget "ex01-Viewer" */;
			buildPhases = (
				837CCB8421BB0EE700BDCD6E /* Sources */,
				837CCB8521BB0EE700BDCD6E /* Frameworks */,
				837CCB8621BB0EE700BDCD6E /* Resources */,
				837CCBA421BB135500BDCD6E /* Embed Frameworks */,
			);
			buildRules = (
			);
			dependencies = (
			);
			name = "ex01-Viewer";
			productName = "ex01-Viewer";
			productReference = 837CCB8821BB0EE700BDCD6E /* ex01-Viewer.app */;
			productType = "com.apple.product-type.application";
		};
/* End PBXNativeTarget section */

/* Begin PBXProject section */
		837CCB8021BB0EE700BDCD6E /* Project object */ = {
			isa = PBXProject;
			attributes = {
				LastSwiftUpdateCheck = 1010;
				LastUpgradeCheck = 1010;
				ORGANIZATIONNAME = "Chris Hawkins (developer)";
				TargetAttributes = {
					837CCB8721BB0EE700BDCD6E = {
						CreatedOnToolsVersion = 10.1;
					};
				};
			};
			buildConfigurationList = 837CCB8321BB0EE700BDCD6E /* Build configuration list for PBXProject "ex01-Viewer" */;
			compatibilityVersion = "Xcode 9.3";
			developmentRegion = en;
			hasScannedForEncodings = 0;
			knownRegions = (
				en,
				Base,
			);
			mainGroup = 837CCB7F21BB0EE700BDCD6E;
			productRefGroup = 837CCB8921BB0EE700BDCD6E /* Products */;
			projectDirPath = "";
			projectRoot = "";
			targets = (
				837CCB8721BB0EE700BDCD6E /* ex01-Viewer */,
			);
		};
/* End PBXProject section */

/* Begin PBXResourcesBuildPhase section */
		837CCB8621BB0EE700BDCD6E /* Resources */ = {
			isa = PBXResourcesBuildPhase;
			buildActionMask = 2147483647;
			files = (
				837CCB9621BB0EE800BDCD6E /* LaunchScreen.storyboard in Resources */,
				837CCB9321BB0EE800BDCD6E /* Assets.xcassets in Resources */,
				837CCB9E21BB123C00BDCD6E /* TableView.xml in Resources */,
			);
			runOnlyForDeploymentPostprocessing = 0;
		};
/* End PBXResourcesBuildPhase section */

/* Begin PBXSourcesBuildPhase section */
		837CCB8421BB0EE700BDCD6E /* Sources */ = {
			isa = PBXSourcesBuildPhase;
			buildActionMask = 2147483647;
			files = (
				837CCB8E21BB0EE700BDCD6E /* TableViewController.swift in Sources */,
				837CCB8C21BB0EE700BDCD6E /* AppDelegate.swift in Sources */,
			);
			runOnlyForDeploymentPostprocessing = 0;
		};
/* End PBXSourcesBuildPhase section */

/* Begin PBXVariantGroup section */
		837CCB9421BB0EE800BDCD6E /* LaunchScreen.storyboard */ = {
			isa = PBXVariantGroup;
			children = (
				837CCB9521BB0EE800BDCD6E /* Base */,
			);
			name = LaunchScreen.storyboard;
			sourceTree = "<group>";
		};
/* End PBXVariantGroup section */

/* Begin XCBuildConfiguration section */
		837CCB9821BB0EE800BDCD6E /* Debug */ = {
			isa = XCBuildConfiguration;
			buildSettings = {
				ALWAYS_SEARCH_USER_PATHS = NO;
				CLANG_ANALYZER_NONNULL = YES;
				CLANG_ANALYZER_NUMBER_OBJECT_CONVERSION = YES_AGGRESSIVE;
				CLANG_CXX_LANGUAGE_STANDARD = "gnu++14";
				CLANG_CXX_LIBRARY = "libc++";
				CLANG_ENABLE_MODULES = YES;
				CLANG_ENABLE_OBJC_ARC = YES;
				CLANG_ENABLE_OBJC_WEAK = YES;
				CLANG_WARN_BLOCK_CAPTURE_AUTORELEASING = YES;
				CLANG_WARN_BOOL_CONVERSION = YES;
				CLANG_WARN_COMMA = YES;
				CLANG_WARN_CONSTANT_CONVERSION = YES;
				CLANG_WARN_DEPRECATED_OBJC_IMPLEMENTATIONS = YES;
				CLANG_WARN_DIRECT_OBJC_ISA_USAGE = YES_ERROR;
				CLANG_WARN_DOCUMENTATION_COMMENTS = YES;
				CLANG_WARN_EMPTY_BODY = YES;
				CLANG_WARN_ENUM_CONVERSION = YES;
				CLANG_WARN_INFINITE_RECURSION = YES;
				CLANG_WARN_INT_CONVERSION = YES;
				CLANG_WARN_NON_LITERAL_NULL_CONVERSION = YES;
				CLANG_WARN_OBJC_IMPLICIT_RETAIN_SELF = YES;
				CLANG_WARN_OBJC_LITERAL_CONVERSION = YES;
				CLANG_WARN_OBJC_ROOT_CLASS = YES_ERROR;
				CLANG_WARN_RANGE_LOOP_ANALYSIS = YES;
				CLANG_WARN_STRICT_PROTOTYPES = YES;
				CLANG_WARN_SUSPICIOUS_MOVE = YES;
				CLANG_WARN_UNGUARDED_AVAILABILITY = YES_AGGRESSIVE;
				CLANG_WARN_UNREACHABLE_CODE = YES;
				CLANG_WARN__DUPLICATE_METHOD_MATCH = YES;
				CODE_SIGN_IDENTITY = "iPhone Developer";
				COPY_PHASE_STRIP = NO;
				DEBUG_INFORMATION_FORMAT = dwarf;
				ENABLE_STRICT_OBJC_MSGSEND = YES;
				ENABLE_TESTABILITY = YES;
				GCC_C_LANGUAGE_STANDARD = gnu11;
				GCC_DYNAMIC_NO_PIC = NO;
				GCC_NO_COMMON_BLOCKS = YES;
				GCC_OPTIMIZATION_LEVEL = 0;
				GCC_PREPROCESSOR_DEFINITIONS = (
					"DEBUG=1",
					"$(inherited)",
				);
				GCC_WARN_64_TO_32_BIT_CONVERSION = YES;
				GCC_WARN_ABOUT_RETURN_TYPE = YES_ERROR;
				GCC_WARN_UNDECLARED_SELECTOR = YES;
				GCC_WARN_UNINITIALIZED_AUTOS = YES_AGGRESSIVE;
				GCC_WARN_UNUSED_FUNCTION = YES;
				GCC_WARN_UNUSED_VARIABLE = YES;
				IPHONEOS_DEPLOYMENT_TARGET = 12.1;
				MTL_ENABLE_DEBUG_INFO = INCLUDE_SOURCE;
				MTL_FAST_MATH = YES;
				ONLY_ACTIVE_ARCH = YES;
				SDKROOT = iphoneos;
				SWIFT_ACTIVE_COMPILATION_CONDITIONS = DEBUG;
				SWIFT_OPTIMIZATION_LEVEL = "-Onone";
			};
			name = Debug;
		};
		837CCB9921BB0EE800BDCD6E /* Release */ = {
			isa = XCBuildConfiguration;
			buildSettings = {
				ALWAYS_SEARCH_USER_PATHS = NO;
				CLANG_ANALYZER_NONNULL = YES;
				CLANG_ANALYZER_NUMBER_OBJECT_CONVERSION = YES_AGGRESSIVE;
				CLANG_CXX_LANGUAGE_STANDARD = "gnu++14";
				CLANG_CXX_LIBRARY = "libc++";
				CLANG_ENABLE_MODULES = YES;
				CLANG_ENABLE_OBJC_ARC = YES;
				CLANG_ENABLE_OBJC_WEAK = YES;
				CLANG_WARN_BLOCK_CAPTURE_AUTORELEASING = YES;
				CLANG_WARN_BOOL_CONVERSION = YES;
				CLANG_WARN_COMMA = YES;
				CLANG_WARN_CONSTANT_CONVERSION = YES;
				CLANG_WARN_DEPRECATED_OBJC_IMPLEMENTATIONS = YES;
				CLANG_WARN_DIRECT_OBJC_ISA_USAGE = YES_ERROR;
				CLANG_WARN_DOCUMENTATION_COMMENTS = YES;
				CLANG_WARN_EMPTY_BODY = YES;
				CLANG_WARN_ENUM_CONVERSION = YES;
				CLANG_WARN_INFINITE_RECURSION = YES;
				CLANG_WARN_INT_CONVERSION = YES;
				CLANG_WARN_NON_LITERAL_NULL_CONVERSION = YES;
				CLANG_WARN_OBJC_IMPLICIT_RETAIN_SELF = YES;
				CLANG_WARN_OBJC_LITERAL_CONVERSION = YES;
				CLANG_WARN_OBJC_ROOT_CLASS = YES_ERROR;
				CLANG_WARN_RANGE_LOOP_ANALYSIS = YES;
				CLANG_WARN_STRICT_PROTOTYPES = YES;
				CLANG_WARN_SUSPICIOUS_MOVE = YES;
				CLANG_WARN_UNGUARDED_AVAILABILITY = YES_AGGRESSIVE;
				CLANG_WARN_UNREACHABLE_CODE = YES;
				CLANG_WARN__DUPLICATE_METHOD_MATCH = YES;
				CODE_SIGN_IDENTITY = "iPhone Developer";
				COPY_PHASE_STRIP = NO;
				DEBUG_INFORMATION_FORMAT = "dwarf-with-dsym";
				ENABLE_NS_ASSERTIONS = NO;
				ENABLE_STRICT_OBJC_MSGSEND = YES;
				GCC_C_LANGUAGE_STANDARD = gnu11;
				GCC_NO_COMMON_BLOCKS = YES;
				GCC_WARN_64_TO_32_BIT_CONVERSION = YES;
				GCC_WARN_ABOUT_RETURN_TYPE = YES_ERROR;
				GCC_WARN_UNDECLARED_SELECTOR = YES;
				GCC_WARN_UNINITIALIZED_AUTOS = YES_AGGRESSIVE;
				GCC_WARN_UNUSED_FUNCTION = YES;
				GCC_WARN_UNUSED_VARIABLE = YES;
				IPHONEOS_DEPLOYMENT_TARGET = 12.1;
				MTL_ENABLE_DEBUG_INFO = NO;
				MTL_FAST_MATH = YES;
				SDKROOT = iphoneos;
				SWIFT_COMPILATION_MODE = wholemodule;
				SWIFT_OPTIMIZATION_LEVEL = "-O";
				VALIDATE_PRODUCT = YES;
			};
			name = Release;
		};
		837CCB9B21BB0EE800BDCD6E /* Debug */ = {
			isa = XCBuildConfiguration;
			buildSettings = {
				ASSETCATALOG_COMPILER_APPICON_NAME = AppIcon;
				CODE_SIGN_STYLE = Automatic;
				DEVELOPMENT_TEAM = 4P58NH3389;
				INFOPLIST_FILE = "ex01-Viewer/Info.plist";
				LD_RUNPATH_SEARCH_PATHS = (
					"$(inherited)",
					"@executable_path/Frameworks",
				);
				PRODUCT_BUNDLE_IDENTIFIER = "com.chh51.layoutExample.ex01-Viewer";
				PRODUCT_NAME = "$(TARGET_NAME)";
				SWIFT_VERSION = 4.2;
				TARGETED_DEVICE_FAMILY = "1,2";
			};
			name = Debug;
		};
		837CCB9C21BB0EE800BDCD6E /* Release */ = {
			isa = XCBuildConfiguration;
			buildSettings = {
				ASSETCATALOG_COMPILER_APPICON_NAME = AppIcon;
				CODE_SIGN_STYLE = Automatic;
				DEVELOPMENT_TEAM = 4P58NH3389;
				INFOPLIST_FILE = "ex01-Viewer/Info.plist";
				LD_RUNPATH_SEARCH_PATHS = (
					"$(inherited)",
					"@executable_path/Frameworks",
				);
				PRODUCT_BUNDLE_IDENTIFIER = "com.chh51.layoutExample.ex01-Viewer";
				PRODUCT_NAME = "$(TARGET_NAME)";
				SWIFT_VERSION = 4.2;
				TARGETED_DEVICE_FAMILY = "1,2";
			};
			name = Release;
		};
/* End XCBuildConfiguration section */

/* Begin XCConfigurationList section */
		837CCB8321BB0EE700BDCD6E /* Build configuration list for PBXProject "ex01-Viewer" */ = {
			isa = XCConfigurationList;
			buildConfigurations = (
				837CCB9821BB0EE800BDCD6E /* Debug */,
				837CCB9921BB0EE800BDCD6E /* Release */,
			);
			defaultConfigurationIsVisible = 0;
			defaultConfigurationName = Release;
		};
		837CCB9A21BB0EE800BDCD6E /* Build configuration list for PBXNativeTarget "ex01-Viewer" */ = {
			isa = XCConfigurationList;
			buildConfigurations = (
				837CCB9B21BB0EE800BDCD6E /* Debug */,
				837CCB9C21BB0EE800BDCD6E /* Release */,
			);
			defaultConfigurationIsVisible = 0;
			defaultConfigurationName = Release;
		};
/* End XCConfigurationList section */
	};
	rootObject = 837CCB8021BB0EE700BDCD6E /* Project object */;
}
