// !$*UTF8*$!
{
	archiveVersion = 1;
	classes = {
	};
	objectVersion = 50;
	objects = {

/* Begin PBXBuildFile section */
		831CCB0A21B9B4F6003A0A46 /* FixedAssets.swift in Sources */ = {isa = PBXBuildFile; fileRef = 831CCB0921B9B4F6003A0A46 /* FixedAssets.swift */; };
		831CCB0C21B9BBB1003A0A46 /* Movie.swift in Sources */ = {isa = PBXBuildFile; fileRef = 831CCB0B21B9BBB1003A0A46 /* Movie.swift */; };
		831CCB0E21B9BE1F003A0A46 /* Text.swift in Sources */ = {isa = PBXBuildFile; fileRef = 831CCB0D21B9BE1F003A0A46 /* Text.swift */; };
		831CCB1021B9D4BB003A0A46 /* Chapter.swift in Sources */ = {isa = PBXBuildFile; fileRef = 831CCB0F21B9D4BB003A0A46 /* Chapter.swift */; };
		831CCB1321B9DBC8003A0A46 /* Story.swift in Sources */ = {isa = PBXBuildFile; fileRef = 831CCB1221B9DBC7003A0A46 /* Story.swift */; };
		837CCBA921BB35EB00BDCD6E /* ContentSummary.swift in Sources */ = {isa = PBXBuildFile; fileRef = 837CCBA821BB35EB00BDCD6E /* ContentSummary.swift */; };
		83E4313221B89715003E2A12 /* model.h in Headers */ = {isa = PBXBuildFile; fileRef = 83E4313021B89715003E2A12 /* model.h */; settings = {ATTRIBUTES = (Public, ); }; };
		83E4313921B897A6003E2A12 /* Image.swift in Sources */ = {isa = PBXBuildFile; fileRef = 83E4313821B897A6003E2A12 /* Image.swift */; };
		83E4313B21B897D8003E2A12 /* UniqueId.swift in Sources */ = {isa = PBXBuildFile; fileRef = 83E4313A21B897D8003E2A12 /* UniqueId.swift */; };
/* End PBXBuildFile section */

/* Begin PBXFileReference section */
		831CCB0921B9B4F6003A0A46 /* FixedAssets.swift */ = {isa = PBXFileReference; lastKnownFileType = sourcecode.swift; path = FixedAssets.swift; sourceTree = "<group>"; };
		831CCB0B21B9BBB1003A0A46 /* Movie.swift */ = {isa = PBXFileReference; lastKnownFileType = sourcecode.swift; path = Movie.swift; sourceTree = "<group>"; };
		831CCB0D21B9BE1F003A0A46 /* Text.swift */ = {isa = PBXFileReference; lastKnownFileType = sourcecode.swift; path = Text.swift; sourceTree = "<group>"; };
		831CCB0F21B9D4BB003A0A46 /* Chapter.swift */ = {isa = PBXFileReference; lastKnownFileType = sourcecode.swift; path = Chapter.swift; sourceTree = "<group>"; };
		831CCB1221B9DBC7003A0A46 /* Story.swift */ = {isa = PBXFileReference; lastKnownFileType = sourcecode.swift; path = Story.swift; sourceTree = "<group>"; };
		837CCBA821BB35EB00BDCD6E /* ContentSummary.swift */ = {isa = PBXFileReference; lastKnownFileType = sourcecode.swift; path = ContentSummary.swift; sourceTree = "<group>"; };
		83E4312D21B89715003E2A12 /* model.framework */ = {isa = PBXFileReference; explicitFileType = wrapper.framework; includeInIndex = 0; path = model.framework; sourceTree = BUILT_PRODUCTS_DIR; };
		83E4313021B89715003E2A12 /* model.h */ = {isa = PBXFileReference; lastKnownFileType = sourcecode.c.h; path = model.h; sourceTree = "<group>"; };
		83E4313121B89715003E2A12 /* Info.plist */ = {isa = PBXFileReference; lastKnownFileType = text.plist.xml; path = Info.plist; sourceTree = "<group>"; };
		83E4313821B897A6003E2A12 /* Image.swift */ = {isa = PBXFileReference; lastKnownFileType = sourcecode.swift; path = Image.swift; sourceTree = "<group>"; };
		83E4313A21B897D8003E2A12 /* UniqueId.swift */ = {isa = PBXFileReference; lastKnownFileType = sourcecode.swift; path = UniqueId.swift; sourceTree = "<group>"; };
/* End PBXFileReference section */

/* Begin PBXFrameworksBuildPhase section */
		83E4312A21B89715003E2A12 /* Frameworks */ = {
			isa = PBXFrameworksBuildPhase;
			buildActionMask = 2147483647;
			files = (
			);
			runOnlyForDeploymentPostprocessing = 0;
		};
/* End PBXFrameworksBuildPhase section */

/* Begin PBXGroup section */
		831CCB1121B9D657003A0A46 /* load */ = {
			isa = PBXGroup;
			children = (
				831CCB0921B9B4F6003A0A46 /* FixedAssets.swift */,
				837CCBA821BB35EB00BDCD6E /* ContentSummary.swift */,
			);
			path = load;
			sourceTree = "<group>";
		};
		83E4312321B89715003E2A12 = {
			isa = PBXGroup;
			children = (
				83E4313021B89715003E2A12 /* model.h */,
				83E4313121B89715003E2A12 /* Info.plist */,
				831CCB1121B9D657003A0A46 /* load */,
				83E4312F21B89715003E2A12 /* model */,
				83E4312E21B89715003E2A12 /* Products */,
			);
			sourceTree = "<group>";
		};
		83E4312E21B89715003E2A12 /* Products */ = {
			isa = PBXGroup;
			children = (
				83E4312D21B89715003E2A12 /* model.framework */,
			);
			name = Products;
			sourceTree = "<group>";
		};
		83E4312F21B89715003E2A12 /* model */ = {
			isa = PBXGroup;
			children = (
				831CCB0F21B9D4BB003A0A46 /* Chapter.swift */,
				83E4313821B897A6003E2A12 /* Image.swift */,
				831CCB0B21B9BBB1003A0A46 /* Movie.swift */,
				831CCB1221B9DBC7003A0A46 /* Story.swift */,
				831CCB0D21B9BE1F003A0A46 /* Text.swift */,
				83E4313A21B897D8003E2A12 /* UniqueId.swift */,
			);
			path = model;
			sourceTree = "<group>";
		};
/* End PBXGroup section */

/* Begin PBXHeadersBuildPhase section */
		83E4312821B89715003E2A12 /* Headers */ = {
			isa = PBXHeadersBuildPhase;
			buildActionMask = 2147483647;
			files = (
				83E4313221B89715003E2A12 /* model.h in Headers */,
			);
			runOnlyForDeploymentPostprocessing = 0;
		};
/* End PBXHeadersBuildPhase section */

/* Begin PBXNativeTarget section */
		83E4312C21B89715003E2A12 /* model */ = {
			isa = PBXNativeTarget;
			buildConfigurationList = 83E4313521B89715003E2A12 /* Build configuration list for PBXNativeTarget "model" */;
			buildPhases = (
				83E4312821B89715003E2A12 /* Headers */,
				83E4312921B89715003E2A12 /* Sources */,
				83E4312A21B89715003E2A12 /* Frameworks */,
				83E4312B21B89715003E2A12 /* Resources */,
			);
			buildRules = (
			);
			dependencies = (
			);
			name = model;
			productName = model;
			productReference = 83E4312D21B89715003E2A12 /* model.framework */;
			productType = "com.apple.product-type.framework";
		};
/* End PBXNativeTarget section */

/* Begin PBXProject section */
		83E4312421B89715003E2A12 /* Project object */ = {
			isa = PBXProject;
			attributes = {
				LastUpgradeCheck = 1010;
				ORGANIZATIONNAME = "Chris Hawkins (developer)";
				TargetAttributes = {
					83E4312C21B89715003E2A12 = {
						CreatedOnToolsVersion = 10.1;
						LastSwiftMigration = 1010;
					};
				};
			};
			buildConfigurationList = 83E4312721B89715003E2A12 /* Build configuration list for PBXProject "model" */;
			compatibilityVersion = "Xcode 9.3";
			developmentRegion = en;
			hasScannedForEncodings = 0;
			knownRegions = (
				en,
			);
			mainGroup = 83E4312321B89715003E2A12;
			productRefGroup = 83E4312E21B89715003E2A12 /* Products */;
			projectDirPath = "";
			projectRoot = "";
			targets = (
				83E4312C21B89715003E2A12 /* model */,
			);
		};
/* End PBXProject section */

/* Begin PBXResourcesBuildPhase section */
		83E4312B21B89715003E2A12 /* Resources */ = {
			isa = PBXResourcesBuildPhase;
			buildActionMask = 2147483647;
			files = (
			);
			runOnlyForDeploymentPostprocessing = 0;
		};
/* End PBXResourcesBuildPhase section */

/* Begin PBXSourcesBuildPhase section */
		83E4312921B89715003E2A12 /* Sources */ = {
			isa = PBXSourcesBuildPhase;
			buildActionMask = 2147483647;
			files = (
				837CCBA921BB35EB00BDCD6E /* ContentSummary.swift in Sources */,
				831CCB1321B9DBC8003A0A46 /* Story.swift in Sources */,
				831CCB0A21B9B4F6003A0A46 /* FixedAssets.swift in Sources */,
				831CCB0E21B9BE1F003A0A46 /* Text.swift in Sources */,
				83E4313921B897A6003E2A12 /* Image.swift in Sources */,
				831CCB1021B9D4BB003A0A46 /* Chapter.swift in Sources */,
				831CCB0C21B9BBB1003A0A46 /* Movie.swift in Sources */,
				83E4313B21B897D8003E2A12 /* UniqueId.swift in Sources */,
			);
			runOnlyForDeploymentPostprocessing = 0;
		};
/* End PBXSourcesBuildPhase section */

/* Begin XCBuildConfiguration section */
		83E4313321B89715003E2A12 /* Debug */ = {
			isa = XCBuildConfiguration;
			buildSettings = {
				ALWAYS_SEARCH_USER_PATHS = NO;
				CLANG_ANALYZER_NONNULL = YES;
				CLANG_ANALYZER_NUMBER_OBJECT_CONVERSION = YES_AGGRESSIVE;
				CLANG_CXX_LANGUAGE_STANDARD = "gnu++14";
				CLANG_CXX_LIBRARY = "libc++";
				CLANG_ENABLE_MODULES = YES;
				CLANG_ENABLE_OBJC_ARC = YES;
				CLANG_ENABLE_OBJC_WEAK = YES;
				CLANG_WARN_BLOCK_CAPTURE_AUTORELEASING = YES;
				CLANG_WARN_BOOL_CONVERSION = YES;
				CLANG_WARN_COMMA = YES;
				CLANG_WARN_CONSTANT_CONVERSION = YES;
				CLANG_WARN_DEPRECATED_OBJC_IMPLEMENTATIONS = YES;
				CLANG_WARN_DIRECT_OBJC_ISA_USAGE = YES_ERROR;
				CLANG_WARN_DOCUMENTATION_COMMENTS = YES;
				CLANG_WARN_EMPTY_BODY = YES;
				CLANG_WARN_ENUM_CONVERSION = YES;
				CLANG_WARN_INFINITE_RECURSION = YES;
				CLANG_WARN_INT_CONVERSION = YES;
				CLANG_WARN_NON_LITERAL_NULL_CONVERSION = YES;
				CLANG_WARN_OBJC_IMPLICIT_RETAIN_SELF = YES;
				CLANG_WARN_OBJC_LITERAL_CONVERSION = YES;
				CLANG_WARN_OBJC_ROOT_CLASS = YES_ERROR;
				CLANG_WARN_RANGE_LOOP_ANALYSIS = YES;
				CLANG_WARN_STRICT_PROTOTYPES = YES;
				CLANG_WARN_SUSPICIOUS_MOVE = YES;
				CLANG_WARN_UNGUARDED_AVAILABILITY = YES_AGGRESSIVE;
				CLANG_WARN_UNREACHABLE_CODE = YES;
				CLANG_WARN__DUPLICATE_METHOD_MATCH = YES;
				CODE_SIGN_IDENTITY = "iPhone Developer";
				COPY_PHASE_STRIP = NO;
				CURRENT_PROJECT_VERSION = 1;
				DEBUG_INFORMATION_FORMAT = dwarf;
				ENABLE_STRICT_OBJC_MSGSEND = YES;
				ENABLE_TESTABILITY = YES;
				GCC_C_LANGUAGE_STANDARD = gnu11;
				GCC_DYNAMIC_NO_PIC = NO;
				GCC_NO_COMMON_BLOCKS = YES;
				GCC_OPTIMIZATION_LEVEL = 0;
				GCC_PREPROCESSOR_DEFINITIONS = (
					"DEBUG=1",
					"$(inherited)",
				);
				GCC_WARN_64_TO_32_BIT_CONVERSION = YES;
				GCC_WARN_ABOUT_RETURN_TYPE = YES_ERROR;
				GCC_WARN_UNDECLARED_SELECTOR = YES;
				GCC_WARN_UNINITIALIZED_AUTOS = YES_AGGRESSIVE;
				GCC_WARN_UNUSED_FUNCTION = YES;
				GCC_WARN_UNUSED_VARIABLE = YES;
				IPHONEOS_DEPLOYMENT_TARGET = 12.1;
				MTL_ENABLE_DEBUG_INFO = INCLUDE_SOURCE;
				MTL_FAST_MATH = YES;
				ONLY_ACTIVE_ARCH = YES;
				SDKROOT = iphoneos;
				SWIFT_ACTIVE_COMPILATION_CONDITIONS = DEBUG;
				SWIFT_OPTIMIZATION_LEVEL = "-Onone";
				VERSIONING_SYSTEM = "apple-generic";
				VERSION_INFO_PREFIX = "";
			};
			name = Debug;
		};
		83E4313421B89715003E2A12 /* Release */ = {
			isa = XCBuildConfiguration;
			buildSettings = {
				ALWAYS_SEARCH_USER_PATHS = NO;
				CLANG_ANALYZER_NONNULL = YES;
				CLANG_ANALYZER_NUMBER_OBJECT_CONVERSION = YES_AGGRESSIVE;
				CLANG_CXX_LANGUAGE_STANDARD = "gnu++14";
				CLANG_CXX_LIBRARY = "libc++";
				CLANG_ENABLE_MODULES = YES;
				CLANG_ENABLE_OBJC_ARC = YES;
				CLANG_ENABLE_OBJC_WEAK = YES;
				CLANG_WARN_BLOCK_CAPTURE_AUTORELEASING = YES;
				CLANG_WARN_BOOL_CONVERSION = YES;
				CLANG_WARN_COMMA = YES;
				CLANG_WARN_CONSTANT_CONVERSION = YES;
				CLANG_WARN_DEPRECATED_OBJC_IMPLEMENTATIONS = YES;
				CLANG_WARN_DIRECT_OBJC_ISA_USAGE = YES_ERROR;
				CLANG_WARN_DOCUMENTATION_COMMENTS = YES;
				CLANG_WARN_EMPTY_BODY = YES;
				CLANG_WARN_ENUM_CONVERSION = YES;
				CLANG_WARN_INFINITE_RECURSION = YES;
				CLANG_WARN_INT_CONVERSION = YES;
				CLANG_WARN_NON_LITERAL_NULL_CONVERSION = YES;
				CLANG_WARN_OBJC_IMPLICIT_RETAIN_SELF = YES;
				CLANG_WARN_OBJC_LITERAL_CONVERSION = YES;
				CLANG_WARN_OBJC_ROOT_CLASS = YES_ERROR;
				CLANG_WARN_RANGE_LOOP_ANALYSIS = YES;
				CLANG_WARN_STRICT_PROTOTYPES = YES;
				CLANG_WARN_SUSPICIOUS_MOVE = YES;
				CLANG_WARN_UNGUARDED_AVAILABILITY = YES_AGGRESSIVE;
				CLANG_WARN_UNREACHABLE_CODE = YES;
				CLANG_WARN__DUPLICATE_METHOD_MATCH = YES;
				CODE_SIGN_IDENTITY = "iPhone Developer";
				COPY_PHASE_STRIP = NO;
				CURRENT_PROJECT_VERSION = 1;
				DEBUG_INFORMATION_FORMAT = "dwarf-with-dsym";
				ENABLE_NS_ASSERTIONS = NO;
				ENABLE_STRICT_OBJC_MSGSEND = YES;
				GCC_C_LANGUAGE_STANDARD = gnu11;
				GCC_NO_COMMON_BLOCKS = YES;
				GCC_WARN_64_TO_32_BIT_CONVERSION = YES;
				GCC_WARN_ABOUT_RETURN_TYPE = YES_ERROR;
				GCC_WARN_UNDECLARED_SELECTOR = YES;
				GCC_WARN_UNINITIALIZED_AUTOS = YES_AGGRESSIVE;
				GCC_WARN_UNUSED_FUNCTION = YES;
				GCC_WARN_UNUSED_VARIABLE = YES;
				IPHONEOS_DEPLOYMENT_TARGET = 12.1;
				MTL_ENABLE_DEBUG_INFO = NO;
				MTL_FAST_MATH = YES;
				SDKROOT = iphoneos;
				SWIFT_COMPILATION_MODE = wholemodule;
				SWIFT_OPTIMIZATION_LEVEL = "-O";
				VALIDATE_PRODUCT = YES;
				VERSIONING_SYSTEM = "apple-generic";
				VERSION_INFO_PREFIX = "";
			};
			name = Release;
		};
		83E4313621B89715003E2A12 /* Debug */ = {
			isa = XCBuildConfiguration;
			buildSettings = {
				CLANG_ENABLE_MODULES = YES;
				CODE_SIGN_IDENTITY = "";
				CODE_SIGN_STYLE = Automatic;
				DEFINES_MODULE = YES;
				DEVELOPMENT_TEAM = 4P58NH3389;
				DYLIB_COMPATIBILITY_VERSION = 1;
				DYLIB_CURRENT_VERSION = 1;
				DYLIB_INSTALL_NAME_BASE = "@rpath";
				INFOPLIST_FILE = Info.plist;
				INSTALL_PATH = "$(LOCAL_LIBRARY_DIR)/Frameworks";
				LD_RUNPATH_SEARCH_PATHS = (
					"$(inherited)",
					"@executable_path/Frameworks",
					"@loader_path/Frameworks",
				);
				PRODUCT_BUNDLE_IDENTIFIER = com.chh51.layoutExample.model;
				PRODUCT_NAME = "$(TARGET_NAME:c99extidentifier)";
				SKIP_INSTALL = YES;
				SWIFT_OPTIMIZATION_LEVEL = "-Onone";
				SWIFT_VERSION = 4.2;
				TARGETED_DEVICE_FAMILY = "1,2";
			};
			name = Debug;
		};
		83E4313721B89715003E2A12 /* Release */ = {
			isa = XCBuildConfiguration;
			buildSettings = {
				CLANG_ENABLE_MODULES = YES;
				CODE_SIGN_IDENTITY = "";
				CODE_SIGN_STYLE = Automatic;
				DEFINES_MODULE = YES;
				DEVELOPMENT_TEAM = 4P58NH3389;
				DYLIB_COMPATIBILITY_VERSION = 1;
				DYLIB_CURRENT_VERSION = 1;
				DYLIB_INSTALL_NAME_BASE = "@rpath";
				INFOPLIST_FILE = Info.plist;
				INSTALL_PATH = "$(LOCAL_LIBRARY_DIR)/Frameworks";
				LD_RUNPATH_SEARCH_PATHS = (
					"$(inherited)",
					"@executable_path/Frameworks",
					"@loader_path/Frameworks",
				);
				PRODUCT_BUNDLE_IDENTIFIER = com.chh51.layoutExample.model;
				PRODUCT_NAME = "$(TARGET_NAME:c99extidentifier)";
				SKIP_INSTALL = YES;
				SWIFT_VERSION = 4.2;
				TARGETED_DEVICE_FAMILY = "1,2";
			};
			name = Release;
		};
/* End XCBuildConfiguration section */

/* Begin XCConfigurationList section */
		83E4312721B89715003E2A12 /* Build configuration list for PBXProject "model" */ = {
			isa = XCConfigurationList;
			buildConfigurations = (
				83E4313321B89715003E2A12 /* Debug */,
				83E4313421B89715003E2A12 /* Release */,
			);
			defaultConfigurationIsVisible = 0;
			defaultConfigurationName = Release;
		};
		83E4313521B89715003E2A12 /* Build configuration list for PBXNativeTarget "model" */ = {
			isa = XCConfigurationList;
			buildConfigurations = (
				83E4313621B89715003E2A12 /* Debug */,
				83E4313721B89715003E2A12 /* Release */,
			);
			defaultConfigurationIsVisible = 0;
			defaultConfigurationName = Release;
		};
/* End XCConfigurationList section */
	};
	rootObject = 83E4312421B89715003E2A12 /* Project object */;
}
