// !$*UTF8*$!
{
	archiveVersion = 1;
	classes = {
	};
	objectVersion = 50;
	objects = {

/* Begin PBXBuildFile section */
		8320CD0721C045BB009735BC /* AppDelegate.swift in Sources */ = {isa = PBXBuildFile; fileRef = 8320CD0621C045BB009735BC /* AppDelegate.swift */; };
		8320CD0921C045BB009735BC /* StoriesViewController.swift in Sources */ = {isa = PBXBuildFile; fileRef = 8320CD0821C045BB009735BC /* StoriesViewController.swift */; };
		8320CD0E21C045BC009735BC /* Assets.xcassets in Resources */ = {isa = PBXBuildFile; fileRef = 8320CD0D21C045BC009735BC /* Assets.xcassets */; };
		8320CD1121C045BC009735BC /* LaunchScreen.storyboard in Resources */ = {isa = PBXBuildFile; fileRef = 8320CD0F21C045BC009735BC /* LaunchScreen.storyboard */; };
		8320CD1921C045DD009735BC /* Model.framework in Frameworks */ = {isa = PBXBuildFile; fileRef = 8320CD1821C045DD009735BC /* Model.framework */; };
		8320CD1A21C045DD009735BC /* Model.framework in Embed Frameworks */ = {isa = PBXBuildFile; fileRef = 8320CD1821C045DD009735BC /* Model.framework */; settings = {ATTRIBUTES = (CodeSignOnCopy, RemoveHeadersOnCopy, ); }; };
		8320CD1D21C045E6009735BC /* Layout.framework in Frameworks */ = {isa = PBXBuildFile; fileRef = 8320CD1C21C045E6009735BC /* Layout.framework */; };
		8320CD1E21C045E6009735BC /* Layout.framework in Embed Frameworks */ = {isa = PBXBuildFile; fileRef = 8320CD1C21C045E6009735BC /* Layout.framework */; settings = {ATTRIBUTES = (CodeSignOnCopy, RemoveHeadersOnCopy, ); }; };
		8320CD2021C04DF1009735BC /* StoriesView.xml in Resources */ = {isa = PBXBuildFile; fileRef = 8320CD1F21C04DF1009735BC /* StoriesView.xml */; };
		8349CFAA21C1CFA900FCE7D4 /* StoryViewController.swift in Sources */ = {isa = PBXBuildFile; fileRef = 8349CFA921C1CFA900FCE7D4 /* StoryViewController.swift */; };
		8349CFAC21C1D38700FCE7D4 /* StoryView.xml in Resources */ = {isa = PBXBuildFile; fileRef = 8349CFAB21C1D38700FCE7D4 /* StoryView.xml */; };
/* End PBXBuildFile section */

/* Begin PBXCopyFilesBuildPhase section */
		8320CD1B21C045DD009735BC /* Embed Frameworks */ = {
			isa = PBXCopyFilesBuildPhase;
			buildActionMask = 2147483647;
			dstPath = "";
			dstSubfolderSpec = 10;
			files = (
				8320CD1E21C045E6009735BC /* Layout.framework in Embed Frameworks */,
				8320CD1A21C045DD009735BC /* Model.framework in Embed Frameworks */,
			);
			name = "Embed Frameworks";
			runOnlyForDeploymentPostprocessing = 0;
		};
/* End PBXCopyFilesBuildPhase section */

/* Begin PBXFileReference section */
		8320CD0321C045BB009735BC /* ex02-Viewer.app */ = {isa = PBXFileReference; explicitFileType = wrapper.application; includeInIndex = 0; path = "ex02-Viewer.app"; sourceTree = BUILT_PRODUCTS_DIR; };
		8320CD0621C045BB009735BC /* AppDelegate.swift */ = {isa = PBXFileReference; lastKnownFileType = sourcecode.swift; path = AppDelegate.swift; sourceTree = "<group>"; };
		8320CD0821C045BB009735BC /* StoriesViewController.swift */ = {isa = PBXFileReference; lastKnownFileType = sourcecode.swift; path = StoriesViewController.swift; sourceTree = "<group>"; };
		8320CD0D21C045BC009735BC /* Assets.xcassets */ = {isa = PBXFileReference; lastKnownFileType = folder.assetcatalog; path = Assets.xcassets; sourceTree = "<group>"; };
		8320CD1021C045BC009735BC /* Base */ = {isa = PBXFileReference; lastKnownFileType = file.storyboard; name = Base; path = Base.lproj/LaunchScreen.storyboard; sourceTree = "<group>"; };
		8320CD1221C045BC009735BC /* Info.plist */ = {isa = PBXFileReference; lastKnownFileType = text.plist.xml; path = Info.plist; sourceTree = "<group>"; };
		8320CD1821C045DD009735BC /* Model.framework */ = {isa = PBXFileReference; explicitFileType = wrapper.framework; path = Model.framework; sourceTree = BUILT_PRODUCTS_DIR; };
		8320CD1C21C045E6009735BC /* Layout.framework */ = {isa = PBXFileReference; explicitFileType = wrapper.framework; path = Layout.framework; sourceTree = BUILT_PRODUCTS_DIR; };
		8320CD1F21C04DF1009735BC /* StoriesView.xml */ = {isa = PBXFileReference; lastKnownFileType = text.xml; path = StoriesView.xml; sourceTree = "<group>"; };
		8349CFA921C1CFA900FCE7D4 /* StoryViewController.swift */ = {isa = PBXFileReference; lastKnownFileType = sourcecode.swift; path = StoryViewController.swift; sourceTree = "<group>"; };
		8349CFAB21C1D38700FCE7D4 /* StoryView.xml */ = {isa = PBXFileReference; lastKnownFileType = text.xml; path = StoryView.xml; sourceTree = "<group>"; };
/* End PBXFileReference section */

/* Begin PBXFrameworksBuildPhase section */
		8320CD0021C045BB009735BC /* Frameworks */ = {
			isa = PBXFrameworksBuildPhase;
			buildActionMask = 2147483647;
			files = (
				8320CD1D21C045E6009735BC /* Layout.framework in Frameworks */,
				8320CD1921C045DD009735BC /* Model.framework in Frameworks */,
			);
			runOnlyForDeploymentPostprocessing = 0;
		};
/* End PBXFrameworksBuildPhase section */

/* Begin PBXGroup section */
		8320CCFA21C045BB009735BC = {
			isa = PBXGroup;
			children = (
				8320CD0521C045BB009735BC /* ex02-Viewer */,
				8320CD0421C045BB009735BC /* Products */,
				8320CD1C21C045E6009735BC /* Layout.framework */,
				8320CD1821C045DD009735BC /* Model.framework */,
			);
			sourceTree = "<group>";
		};
		8320CD0421C045BB009735BC /* Products */ = {
			isa = PBXGroup;
			children = (
				8320CD0321C045BB009735BC /* ex02-Viewer.app */,
			);
			name = Products;
			sourceTree = "<group>";
		};
		8320CD0521C045BB009735BC /* ex02-Viewer */ = {
			isa = PBXGroup;
			children = (
				8320CD0621C045BB009735BC /* AppDelegate.swift */,
				8320CD0821C045BB009735BC /* StoriesViewController.swift */,
				8320CD1F21C04DF1009735BC /* StoriesView.xml */,
				8349CFA921C1CFA900FCE7D4 /* StoryViewController.swift */,
				8349CFAB21C1D38700FCE7D4 /* StoryView.xml */,
				8320CD0D21C045BC009735BC /* Assets.xcassets */,
				8320CD0F21C045BC009735BC /* LaunchScreen.storyboard */,
				8320CD1221C045BC009735BC /* Info.plist */,
			);
			path = "ex02-Viewer";
			sourceTree = "<group>";
		};
/* End PBXGroup section */

/* Begin PBXNativeTarget section */
		8320CD0221C045BB009735BC /* ex02-Viewer */ = {
			isa = PBXNativeTarget;
			buildConfigurationList = 8320CD1521C045BC009735BC /* Build configuration list for PBXNativeTarget "ex02-Viewer" */;
			buildPhases = (
				8320CCFF21C045BB009735BC /* Sources */,
				8320CD0021C045BB009735BC /* Frameworks */,
				8320CD0121C045BB009735BC /* Resources */,
				8320CD1B21C045DD009735BC /* Embed Frameworks */,
			);
			buildRules = (
			);
			dependencies = (
			);
			name = "ex02-Viewer";
			productName = "ex02-Viewer";
			productReference = 8320CD0321C045BB009735BC /* ex02-Viewer.app */;
			productType = "com.apple.product-type.application";
		};
/* End PBXNativeTarget section */

/* Begin PBXProject section */
		8320CCFB21C045BB009735BC /* Project object */ = {
			isa = PBXProject;
			attributes = {
				LastSwiftUpdateCheck = 1010;
				LastUpgradeCheck = 1010;
				ORGANIZATIONNAME = "Chris Hawkins (developer)";
				TargetAttributes = {
					8320CD0221C045BB009735BC = {
						CreatedOnToolsVersion = 10.1;
					};
				};
			};
			buildConfigurationList = 8320CCFE21C045BB009735BC /* Build configuration list for PBXProject "ex02-Viewer" */;
			compatibilityVersion = "Xcode 9.3";
			developmentRegion = en;
			hasScannedForEncodings = 0;
			knownRegions = (
				en,
				Base,
			);
			mainGroup = 8320CCFA21C045BB009735BC;
			productRefGroup = 8320CD0421C045BB009735BC /* Products */;
			projectDirPath = "";
			projectRoot = "";
			targets = (
				8320CD0221C045BB009735BC /* ex02-Viewer */,
			);
		};
/* End PBXProject section */

/* Begin PBXResourcesBuildPhase section */
		8320CD0121C045BB009735BC /* Resources */ = {
			isa = PBXResourcesBuildPhase;
			buildActionMask = 2147483647;
			files = (
				8349CFAC21C1D38700FCE7D4 /* StoryView.xml in Resources */,
				8320CD2021C04DF1009735BC /* StoriesView.xml in Resources */,
				8320CD1121C045BC009735BC /* LaunchScreen.storyboard in Resources */,
				8320CD0E21C045BC009735BC /* Assets.xcassets in Resources */,
			);
			runOnlyForDeploymentPostprocessing = 0;
		};
/* End PBXResourcesBuildPhase section */

/* Begin PBXSourcesBuildPhase section */
		8320CCFF21C045BB009735BC /* Sources */ = {
			isa = PBXSourcesBuildPhase;
			buildActionMask = 2147483647;
			files = (
				8349CFAA21C1CFA900FCE7D4 /* StoryViewController.swift in Sources */,
				8320CD0921C045BB009735BC /* StoriesViewController.swift in Sources */,
				8320CD0721C045BB009735BC /* AppDelegate.swift in Sources */,
			);
			runOnlyForDeploymentPostprocessing = 0;
		};
/* End PBXSourcesBuildPhase section */

/* Begin PBXVariantGroup section */
		8320CD0F21C045BC009735BC /* LaunchScreen.storyboard */ = {
			isa = PBXVariantGroup;
			children = (
				8320CD1021C045BC009735BC /* Base */,
			);
			name = LaunchScreen.storyboard;
			sourceTree = "<group>";
		};
/* End PBXVariantGroup section */

/* Begin XCBuildConfiguration section */
		8320CD1321C045BC009735BC /* Debug */ = {
			isa = XCBuildConfiguration;
			buildSettings = {
				ALWAYS_SEARCH_USER_PATHS = NO;
				CLANG_ANALYZER_NONNULL = YES;
				CLANG_ANALYZER_NUMBER_OBJECT_CONVERSION = YES_AGGRESSIVE;
				CLANG_CXX_LANGUAGE_STANDARD = "gnu++14";
				CLANG_CXX_LIBRARY = "libc++";
				CLANG_ENABLE_MODULES = YES;
				CLANG_ENABLE_OBJC_ARC = YES;
				CLANG_ENABLE_OBJC_WEAK = YES;
				CLANG_WARN_BLOCK_CAPTURE_AUTORELEASING = YES;
				CLANG_WARN_BOOL_CONVERSION = YES;
				CLANG_WARN_COMMA = YES;
				CLANG_WARN_CONSTANT_CONVERSION = YES;
				CLANG_WARN_DEPRECATED_OBJC_IMPLEMENTATIONS = YES;
				CLANG_WARN_DIRECT_OBJC_ISA_USAGE = YES_ERROR;
				CLANG_WARN_DOCUMENTATION_COMMENTS = YES;
				CLANG_WARN_EMPTY_BODY = YES;
				CLANG_WARN_ENUM_CONVERSION = YES;
				CLANG_WARN_INFINITE_RECURSION = YES;
				CLANG_WARN_INT_CONVERSION = YES;
				CLANG_WARN_NON_LITERAL_NULL_CONVERSION = YES;
				CLANG_WARN_OBJC_IMPLICIT_RETAIN_SELF = YES;
				CLANG_WARN_OBJC_LITERAL_CONVERSION = YES;
				CLANG_WARN_OBJC_ROOT_CLASS = YES_ERROR;
				CLANG_WARN_RANGE_LOOP_ANALYSIS = YES;
				CLANG_WARN_STRICT_PROTOTYPES = YES;
				CLANG_WARN_SUSPICIOUS_MOVE = YES;
				CLANG_WARN_UNGUARDED_AVAILABILITY = YES_AGGRESSIVE;
				CLANG_WARN_UNREACHABLE_CODE = YES;
				CLANG_WARN__DUPLICATE_METHOD_MATCH = YES;
				CODE_SIGN_IDENTITY = "iPhone Developer";
				COPY_PHASE_STRIP = NO;
				DEBUG_INFORMATION_FORMAT = dwarf;
				ENABLE_STRICT_OBJC_MSGSEND = YES;
				ENABLE_TESTABILITY = YES;
				GCC_C_LANGUAGE_STANDARD = gnu11;
				GCC_DYNAMIC_NO_PIC = NO;
				GCC_NO_COMMON_BLOCKS = YES;
				GCC_OPTIMIZATION_LEVEL = 0;
				GCC_PREPROCESSOR_DEFINITIONS = (
					"DEBUG=1",
					"$(inherited)",
				);
				GCC_WARN_64_TO_32_BIT_CONVERSION = YES;
				GCC_WARN_ABOUT_RETURN_TYPE = YES_ERROR;
				GCC_WARN_UNDECLARED_SELECTOR = YES;
				GCC_WARN_UNINITIALIZED_AUTOS = YES_AGGRESSIVE;
				GCC_WARN_UNUSED_FUNCTION = YES;
				GCC_WARN_UNUSED_VARIABLE = YES;
				IPHONEOS_DEPLOYMENT_TARGET = 12.1;
				MTL_ENABLE_DEBUG_INFO = INCLUDE_SOURCE;
				MTL_FAST_MATH = YES;
				ONLY_ACTIVE_ARCH = YES;
				SDKROOT = iphoneos;
				SWIFT_ACTIVE_COMPILATION_CONDITIONS = DEBUG;
				SWIFT_OPTIMIZATION_LEVEL = "-Onone";
			};
			name = Debug;
		};
		8320CD1421C045BC009735BC /* Release */ = {
			isa = XCBuildConfiguration;
			buildSettings = {
				ALWAYS_SEARCH_USER_PATHS = NO;
				CLANG_ANALYZER_NONNULL = YES;
				CLANG_ANALYZER_NUMBER_OBJECT_CONVERSION = YES_AGGRESSIVE;
				CLANG_CXX_LANGUAGE_STANDARD = "gnu++14";
				CLANG_CXX_LIBRARY = "libc++";
				CLANG_ENABLE_MODULES = YES;
				CLANG_ENABLE_OBJC_ARC = YES;
				CLANG_ENABLE_OBJC_WEAK = YES;
				CLANG_WARN_BLOCK_CAPTURE_AUTORELEASING = YES;
				CLANG_WARN_BOOL_CONVERSION = YES;
				CLANG_WARN_COMMA = YES;
				CLANG_WARN_CONSTANT_CONVERSION = YES;
				CLANG_WARN_DEPRECATED_OBJC_IMPLEMENTATIONS = YES;
				CLANG_WARN_DIRECT_OBJC_ISA_USAGE = YES_ERROR;
				CLANG_WARN_DOCUMENTATION_COMMENTS = YES;
				CLANG_WARN_EMPTY_BODY = YES;
				CLANG_WARN_ENUM_CONVERSION = YES;
				CLANG_WARN_INFINITE_RECURSION = YES;
				CLANG_WARN_INT_CONVERSION = YES;
				CLANG_WARN_NON_LITERAL_NULL_CONVERSION = YES;
				CLANG_WARN_OBJC_IMPLICIT_RETAIN_SELF = YES;
				CLANG_WARN_OBJC_LITERAL_CONVERSION = YES;
				CLANG_WARN_OBJC_ROOT_CLASS = YES_ERROR;
				CLANG_WARN_RANGE_LOOP_ANALYSIS = YES;
				CLANG_WARN_STRICT_PROTOTYPES = YES;
				CLANG_WARN_SUSPICIOUS_MOVE = YES;
				CLANG_WARN_UNGUARDED_AVAILABILITY = YES_AGGRESSIVE;
				CLANG_WARN_UNREACHABLE_CODE = YES;
				CLANG_WARN__DUPLICATE_METHOD_MATCH = YES;
				CODE_SIGN_IDENTITY = "iPhone Developer";
				COPY_PHASE_STRIP = NO;
				DEBUG_INFORMATION_FORMAT = "dwarf-with-dsym";
				ENABLE_NS_ASSERTIONS = NO;
				ENABLE_STRICT_OBJC_MSGSEND = YES;
				GCC_C_LANGUAGE_STANDARD = gnu11;
				GCC_NO_COMMON_BLOCKS = YES;
				GCC_WARN_64_TO_32_BIT_CONVERSION = YES;
				GCC_WARN_ABOUT_RETURN_TYPE = YES_ERROR;
				GCC_WARN_UNDECLARED_SELECTOR = YES;
				GCC_WARN_UNINITIALIZED_AUTOS = YES_AGGRESSIVE;
				GCC_WARN_UNUSED_FUNCTION = YES;
				GCC_WARN_UNUSED_VARIABLE = YES;
				IPHONEOS_DEPLOYMENT_TARGET = 12.1;
				MTL_ENABLE_DEBUG_INFO = NO;
				MTL_FAST_MATH = YES;
				SDKROOT = iphoneos;
				SWIFT_COMPILATION_MODE = wholemodule;
				SWIFT_OPTIMIZATION_LEVEL = "-O";
				VALIDATE_PRODUCT = YES;
			};
			name = Release;
		};
		8320CD1621C045BC009735BC /* Debug */ = {
			isa = XCBuildConfiguration;
			buildSettings = {
				ASSETCATALOG_COMPILER_APPICON_NAME = AppIcon;
				CODE_SIGN_STYLE = Automatic;
				DEVELOPMENT_TEAM = 4P58NH3389;
				INFOPLIST_FILE = "ex02-Viewer/Info.plist";
				LD_RUNPATH_SEARCH_PATHS = (
					"$(inherited)",
					"@executable_path/Frameworks",
				);
				PRODUCT_BUNDLE_IDENTIFIER = "com.chh51.layoutExample.ex02-Viewer";
				PRODUCT_NAME = "$(TARGET_NAME)";
				SWIFT_VERSION = 4.2;
				TARGETED_DEVICE_FAMILY = "1,2";
			};
			name = Debug;
		};
		8320CD1721C045BC009735BC /* Release */ = {
			isa = XCBuildConfiguration;
			buildSettings = {
				ASSETCATALOG_COMPILER_APPICON_NAME = AppIcon;
				CODE_SIGN_STYLE = Automatic;
				DEVELOPMENT_TEAM = 4P58NH3389;
				INFOPLIST_FILE = "ex02-Viewer/Info.plist";
				LD_RUNPATH_SEARCH_PATHS = (
					"$(inherited)",
					"@executable_path/Frameworks",
				);
				PRODUCT_BUNDLE_IDENTIFIER = "com.chh51.layoutExample.ex02-Viewer";
				PRODUCT_NAME = "$(TARGET_NAME)";
				SWIFT_VERSION = 4.2;
				TARGETED_DEVICE_FAMILY = "1,2";
			};
			name = Release;
		};
/* End XCBuildConfiguration section */

/* Begin XCConfigurationList section */
		8320CCFE21C045BB009735BC /* Build configuration list for PBXProject "ex02-Viewer" */ = {
			isa = XCConfigurationList;
			buildConfigurations = (
				8320CD1321C045BC009735BC /* Debug */,
				8320CD1421C045BC009735BC /* Release */,
			);
			defaultConfigurationIsVisible = 0;
			defaultConfigurationName = Release;
		};
		8320CD1521C045BC009735BC /* Build configuration list for PBXNativeTarget "ex02-Viewer" */ = {
			isa = XCConfigurationList;
			buildConfigurations = (
				8320CD1621C045BC009735BC /* Debug */,
				8320CD1721C045BC009735BC /* Release */,
			);
			defaultConfigurationIsVisible = 0;
			defaultConfigurationName = Release;
		};
/* End XCConfigurationList section */
	};
	rootObject = 8320CCFB21C045BB009735BC /* Project object */;
}
